
Microsoft Visual Studio Solution File, Format Version 12.00
# Visual Studio Version 17
VisualStudioVersion = 17.13.35825.156
MinimumVisualStudioVersion = 10.0.40219.1
Project("{FAE04EC0-301F-11D3-BF4B-00C04F79EFBC}") = "GitHubActionsReportGenerator", "GitHubActionsReportGenerator\GitHubActionsReportGenerator.csproj", "{08733C4C-5CEF-4064-6209-87E214CEBFD6}"
EndProject
Global
	GlobalSection(SolutionConfigurationPlatforms) = preSolution
		Debug|Any CPU = Debug|Any CPU
		Release|Any CPU = Release|Any CPU
	EndGlobalSection
	GlobalSection(ProjectConfigurationPlatforms) = postSolution
		{08733C4C-5CEF-4064-6209-87E214CEBFD6}.Debug|Any CPU.ActiveCfg = Debug|Any CPU
		{08733C4C-5CEF-4064-6209-87E214CEBFD6}.Debug|Any CPU.Build.0 = Debug|Any CPU
		{08733C4C-5CEF-4064-6209-87E214CEBFD6}.Release|Any CPU.ActiveCfg = Release|Any CPU
		{08733C4C-5CEF-4064-6209-87E214CEBFD6}.Release|Any CPU.Build.0 = Release|Any CPU
	EndGlobalSection
	GlobalSection(SolutionProperties) = preSolution
		HideSolutionNode = FALSE
	EndGlobalSection
	GlobalSection(ExtensibilityGlobals) = postSolution
		SolutionGuid = {38630D0D-3534-43EA-BFF6-BD9FECC032B6}
	EndGlobalSection
EndGlobal
